{
  "name": "eshop",
  "lockfileVersion": 3,
  "requires": true,
  "packages": {
    "": {
      "dependencies": {
        "stripe": "^22.6.2"
      },
      "engines": {
        "node": ">=20"
      }
    },
    "node_modules/stripe": {
      "version": "22.6.2",
      "resolved": "https://registry.npmjs.org/stripe/-/stripe-22.6.2.tgz",
      "integrity": "sha512-PwRE2scocvXqDKPiskMa5vRJEAEkq46W69XyUYmAwrNSLr675lQnfqLwnsndAWizwgihOWw/irLmoFRo3ez7ew==",
      "license": "MIT",
      "engines": {
        "node": ">=18"
      },
      "peerDependencies": {
        "@types/node": ">=18"
      },
      "peerDependenciesMeta": {
        "@types/node": {
          "optional": true
        }
      }
    }
  }
}
